
Microsoft Visual Studio Solution File, Format Version 12.00
# Visual Studio Version 16
VisualStudioVersion = 16.0.30204.135
MinimumVisualStudioVersion = 10.0.40219.1
Project("{FAE04EC0-301F-11D3-BF4B-00C04F79EFBC}") = "DemoApp4", "DemoApp4\DemoApp4.csproj", "{92902E7E-12C4-4816-9C53-63DA52A8FABC}"
EndProject
Global
	GlobalSection(SolutionConfigurationPlatforms) = preSolution
		Debug|Any CPU = Debug|Any CPU
		Release|Any CPU = Release|Any CPU
	EndGlobalSection
	GlobalSection(ProjectConfigurationPlatforms) = postSolution
		{92902E7E-12C4-4816-9C53-63DA52A8FABC}.Debug|Any CPU.ActiveCfg = Debug|Any CPU
		{92902E7E-12C4-4816-9C53-63DA52A8FABC}.Debug|Any CPU.Build.0 = Debug|Any CPU
		{92902E7E-12C4-4816-9C53-63DA52A8FABC}.Release|Any CPU.ActiveCfg = Release|Any CPU
		{92902E7E-12C4-4816-9C53-63DA52A8FABC}.Release|Any CPU.Build.0 = Release|Any CPU
	EndGlobalSection
	GlobalSection(SolutionProperties) = preSolution
		HideSolutionNode = FALSE
	EndGlobalSection
	GlobalSection(ExtensibilityGlobals) = postSolution
		SolutionGuid = {BC0E3500-38A8-4B70-8AD9-C8535FBBAFF5}
	EndGlobalSection
EndGlobal
